
Microsoft Visual Studio Solution File, Format Version 11.00
# Visual Studio 2010
Project("{FAE04EC0-301F-11D3-BF4B-00C04F79EFBC}") = "Membase.Management", "Membase.Management\Membase.Management.csproj", "{C3A6C3F9-4A97-465A-9204-EC47205BB308}"
EndProject
Project("{FAE04EC0-301F-11D3-BF4B-00C04F79EFBC}") = "Membase.Management.UnitTests", "Membase.Management.UnitTests\Membase.Management.UnitTests.csproj", "{3448431E-8F59-43EC-88B1-7BAC3C430DCC}"
EndProject
Project("{FAE04EC0-301F-11D3-BF4B-00C04F79EFBC}") = "Membase.Management.IntegrationTests", "Membase.Management.IntegrationTests\Membase.Management.IntegrationTests.csproj", "{B4432BB7-B284-4ACE-8E43-99295C5B5868}"
EndProject
Global
	GlobalSection(SolutionConfigurationPlatforms) = preSolution
		Debug|Any CPU = Debug|Any CPU
		Release|Any CPU = Release|Any CPU
	EndGlobalSection
	GlobalSection(ProjectConfigurationPlatforms) = postSolution
		{C3A6C3F9-4A97-465A-9204-EC47205BB308}.Debug|Any CPU.ActiveCfg = Debug|Any CPU
		{C3A6C3F9-4A97-465A-9204-EC47205BB308}.Debug|Any CPU.Build.0 = Debug|Any CPU
		{C3A6C3F9-4A97-465A-9204-EC47205BB308}.Release|Any CPU.ActiveCfg = Release|Any CPU
		{C3A6C3F9-4A97-465A-9204-EC47205BB308}.Release|Any CPU.Build.0 = Release|Any CPU
		{3448431E-8F59-43EC-88B1-7BAC3C430DCC}.Debug|Any CPU.ActiveCfg = Debug|Any CPU
		{3448431E-8F59-43EC-88B1-7BAC3C430DCC}.Debug|Any CPU.Build.0 = Debug|Any CPU
		{3448431E-8F59-43EC-88B1-7BAC3C430DCC}.Release|Any CPU.ActiveCfg = Release|Any CPU
		{3448431E-8F59-43EC-88B1-7BAC3C430DCC}.Release|Any CPU.Build.0 = Release|Any CPU
		{B4432BB7-B284-4ACE-8E43-99295C5B5868}.Debug|Any CPU.ActiveCfg = Debug|Any CPU
		{B4432BB7-B284-4ACE-8E43-99295C5B5868}.Debug|Any CPU.Build.0 = Debug|Any CPU
		{B4432BB7-B284-4ACE-8E43-99295C5B5868}.Release|Any CPU.ActiveCfg = Release|Any CPU
		{B4432BB7-B284-4ACE-8E43-99295C5B5868}.Release|Any CPU.Build.0 = Release|Any CPU
	EndGlobalSection
	GlobalSection(SolutionProperties) = preSolution
		HideSolutionNode = FALSE
	EndGlobalSection
EndGlobal
